<?xml version="1.0" encoding="UTF-8"?>
<Project ToolsVersion="14.0" xmlns="http://schemas.microsoft.com/developer/msbuild/2003">
  <ItemGroup>
    <ClCompile Include="D:\GitHub\OpenGL\dependencies\NvCloth-master\NvCloth\src\cuda\CuCloth.cpp">
      <Filter>src\cuda</Filter>
    </ClCompile>
    <ClCompile Include="D:\GitHub\OpenGL\dependencies\NvCloth-master\NvCloth\src\cuda\CuClothClone.cpp">
      <Filter>src\cuda</Filter>
    </ClCompile>
    <ClCompile Include="D:\GitHub\OpenGL\dependencies\NvCloth-master\NvCloth\src\cuda\CuClothData.cpp">
      <Filter>src\cuda</Filter>
    </ClCompile>
    <ClCompile Include="D:\GitHub\OpenGL\dependencies\NvCloth-master\NvCloth\src\cuda\CuContextLock.cpp">
      <Filter>src\cuda</Filter>
    </ClCompile>
    <ClCompile Include="D:\GitHub\OpenGL\dependencies\NvCloth-master\NvCloth\src\cuda\CuFabric.cpp">
      <Filter>src\cuda</Filter>
    </ClCompile>
    <ClCompile Include="D:\GitHub\OpenGL\dependencies\NvCloth-master\NvCloth\src\cuda\CuFactory.cpp">
      <Filter>src\cuda</Filter>
    </ClCompile>
    <ClCompile Include="D:\GitHub\OpenGL\dependencies\NvCloth-master\NvCloth\src\cuda\CuSolver.cpp">
      <Filter>src\cuda</Filter>
    </ClCompile>
    <ClCompile Include="D:\GitHub\OpenGL\dependencies\NvCloth-master\NvCloth\src\dx\DxCloth.cpp">
      <Filter>src\dx</Filter>
    </ClCompile>
    <ClCompile Include="D:\GitHub\OpenGL\dependencies\NvCloth-master\NvCloth\src\dx\DxClothClone.cpp">
      <Filter>src\dx</Filter>
    </ClCompile>
    <ClCompile Include="D:\GitHub\OpenGL\dependencies\NvCloth-master\NvCloth\src\dx\DxClothData.cpp">
      <Filter>src\dx</Filter>
    </ClCompile>
    <ClCompile Include="D:\GitHub\OpenGL\dependencies\NvCloth-master\NvCloth\src\dx\DxContextLock.cpp">
      <Filter>src\dx</Filter>
    </ClCompile>
    <ClCompile Include="D:\GitHub\OpenGL\dependencies\NvCloth-master\NvCloth\src\dx\DxFabric.cpp">
      <Filter>src\dx</Filter>
    </ClCompile>
    <ClCompile Include="D:\GitHub\OpenGL\dependencies\NvCloth-master\NvCloth\src\dx\DxFactory.cpp">
      <Filter>src\dx</Filter>
    </ClCompile>
    <ClCompile Include="D:\GitHub\OpenGL\dependencies\NvCloth-master\NvCloth\src\dx\DxSolver.cpp">
      <Filter>src\dx</Filter>
    </ClCompile>
    <ClCompile Include="D:\GitHub\OpenGL\dependencies\NvCloth-master\NvCloth\src\avx\SwSolveConstraints.cpp">
      <Filter>src\avx</Filter>
    </ClCompile>
    <ClCompile Include="D:\GitHub\OpenGL\dependencies\NvCloth-master\NvCloth\src\Allocator.cpp">
      <Filter>src</Filter>
    </ClCompile>
    <ClCompile Include="D:\GitHub\OpenGL\dependencies\NvCloth-master\NvCloth\src\Callbacks.cpp">
      <Filter>src</Filter>
    </ClCompile>
    <ClCompile Include="D:\GitHub\OpenGL\dependencies\NvCloth-master\NvCloth\src\Factory.cpp">
      <Filter>src</Filter>
    </ClCompile>
    <ClCompile Include="D:\GitHub\OpenGL\dependencies\NvCloth-master\NvCloth\src\PhaseConfig.cpp">
      <Filter>src</Filter>
    </ClCompile>
    <ClCompile Include="D:\GitHub\OpenGL\dependencies\NvCloth-master\NvCloth\src\SwCloth.cpp">
      <Filter>src</Filter>
    </ClCompile>
    <ClCompile Include="D:\GitHub\OpenGL\dependencies\NvCloth-master\NvCloth\src\SwClothData.cpp">
      <Filter>src</Filter>
    </ClCompile>
    <ClCompile Include="D:\GitHub\OpenGL\dependencies\NvCloth-master\NvCloth\src\SwCollision.cpp">
      <Filter>src</Filter>
    </ClCompile>
    <ClCompile Include="D:\GitHub\OpenGL\dependencies\NvCloth-master\NvCloth\src\SwFabric.cpp">
      <Filter>src</Filter>
    </ClCompile>
    <ClCompile Include="D:\GitHub\OpenGL\dependencies\NvCloth-master\NvCloth\src\SwFactory.cpp">
      <Filter>src</Filter>
    </ClCompile>
    <ClCompile Include="D:\GitHub\OpenGL\dependencies\NvCloth-master\NvCloth\src\SwInterCollision.cpp">
      <Filter>src</Filter>
    </ClCompile>
    <ClCompile Include="D:\GitHub\OpenGL\dependencies\NvCloth-master\NvCloth\src\SwSelfCollision.cpp">
      <Filter>src</Filter>
    </ClCompile>
    <ClCompile Include="D:\GitHub\OpenGL\dependencies\NvCloth-master\NvCloth\src\SwSolver.cpp">
      <Filter>src</Filter>
    </ClCompile>
    <ClCompile Include="D:\GitHub\OpenGL\dependencies\NvCloth-master\NvCloth\src\SwSolverKernel.cpp">
      <Filter>src</Filter>
    </ClCompile>
    <ClCompile Include="D:\GitHub\OpenGL\dependencies\NvCloth-master\NvCloth\src\TripletScheduler.cpp">
      <Filter>src</Filter>
    </ClCompile>
    <ClCompile Include="D:\GitHub\OpenGL\dependencies\NvCloth-master\NvCloth\extensions\src\ClothFabricCooker.cpp">
      <Filter>extensions\src</Filter>
    </ClCompile>
    <ClCompile Include="D:\GitHub\OpenGL\dependencies\NvCloth-master\NvCloth\extensions\src\ClothGeodesicTetherCooker.cpp">
      <Filter>extensions\src</Filter>
    </ClCompile>
    <ClCompile Include="D:\GitHub\OpenGL\dependencies\NvCloth-master\NvCloth\extensions\src\ClothMeshQuadifier.cpp">
      <Filter>extensions\src</Filter>
    </ClCompile>
    <ClCompile Include="D:\GitHub\OpenGL\dependencies\NvCloth-master\NvCloth\extensions\src\ClothSimpleTetherCooker.cpp">
      <Filter>extensions\src</Filter>
    </ClCompile>
  </ItemGroup>
  <ItemGroup>
    <ClInclude Include="D:\GitHub\OpenGL\dependencies\NvCloth-master\NvCloth\src\cuda\CuCheckSuccess.h">
      <Filter>src\cuda</Filter>
    </ClInclude>
    <ClInclude Include="D:\GitHub\OpenGL\dependencies\NvCloth-master\NvCloth\src\cuda\CuCloth.h">
      <Filter>src\cuda</Filter>
    </ClInclude>
    <ClInclude Include="D:\GitHub\OpenGL\dependencies\NvCloth-master\NvCloth\src\cuda\CuClothData.h">
      <Filter>src\cuda</Filter>
    </ClInclude>
    <ClInclude Include="D:\GitHub\OpenGL\dependencies\NvCloth-master\NvCloth\src\cuda\CuCollision.h">
      <Filter>src\cuda</Filter>
    </ClInclude>
    <ClInclude Include="D:\GitHub\OpenGL\dependencies\NvCloth-master\NvCloth\src\cuda\CuContextLock.h">
      <Filter>src\cuda</Filter>
    </ClInclude>
    <ClInclude Include="D:\GitHub\OpenGL\dependencies\NvCloth-master\NvCloth\src\cuda\CuDevicePointer.h">
      <Filter>src\cuda</Filter>
    </ClInclude>
    <ClInclude Include="D:\GitHub\OpenGL\dependencies\NvCloth-master\NvCloth\src\cuda\CuDeviceVector.h">
      <Filter>src\cuda</Filter>
    </ClInclude>
    <ClInclude Include="D:\GitHub\OpenGL\dependencies\NvCloth-master\NvCloth\src\cuda\CuFabric.h">
      <Filter>src\cuda</Filter>
    </ClInclude>
    <ClInclude Include="D:\GitHub\OpenGL\dependencies\NvCloth-master\NvCloth\src\cuda\CuFactory.h">
      <Filter>src\cuda</Filter>
    </ClInclude>
    <ClInclude Include="D:\GitHub\OpenGL\dependencies\NvCloth-master\NvCloth\src\cuda\CuPhaseConfig.h">
      <Filter>src\cuda</Filter>
    </ClInclude>
    <ClInclude Include="D:\GitHub\OpenGL\dependencies\NvCloth-master\NvCloth\src\cuda\CuPinnedAllocator.h">
      <Filter>src\cuda</Filter>
    </ClInclude>
    <ClInclude Include="D:\GitHub\OpenGL\dependencies\NvCloth-master\NvCloth\src\cuda\CuSelfCollision.h">
      <Filter>src\cuda</Filter>
    </ClInclude>
    <ClInclude Include="D:\GitHub\OpenGL\dependencies\NvCloth-master\NvCloth\src\cuda\CuSolver.h">
      <Filter>src\cuda</Filter>
    </ClInclude>
    <ClInclude Include="D:\GitHub\OpenGL\dependencies\NvCloth-master\NvCloth\src\cuda\CuSolverKernel.h">
      <Filter>src\cuda</Filter>
    </ClInclude>
    <ClInclude Include="D:\GitHub\OpenGL\dependencies\NvCloth-master\NvCloth\src\cuda\CuSolverKernelBlob.h">
      <Filter>src\cuda</Filter>
    </ClInclude>
    <ClInclude Include="D:\GitHub\OpenGL\dependencies\NvCloth-master\NvCloth\src\dx\DxBatchedVector.h">
      <Filter>src\dx</Filter>
    </ClInclude>
    <ClInclude Include="D:\GitHub\OpenGL\dependencies\NvCloth-master\NvCloth\src\dx\DxCheckSuccess.h">
      <Filter>src\dx</Filter>
    </ClInclude>
    <ClInclude Include="D:\GitHub\OpenGL\dependencies\NvCloth-master\NvCloth\src\dx\DxCloth.h">
      <Filter>src\dx</Filter>
    </ClInclude>
    <ClInclude Include="D:\GitHub\OpenGL\dependencies\NvCloth-master\NvCloth\src\dx\DxClothData.h">
      <Filter>src\dx</Filter>
    </ClInclude>
    <ClInclude Include="D:\GitHub\OpenGL\dependencies\NvCloth-master\NvCloth\src\dx\DxContextLock.h">
      <Filter>src\dx</Filter>
    </ClInclude>
    <ClInclude Include="D:\GitHub\OpenGL\dependencies\NvCloth-master\NvCloth\src\dx\DxDeviceVector.h">
      <Filter>src\dx</Filter>
    </ClInclude>
    <ClInclude Include="D:\GitHub\OpenGL\dependencies\NvCloth-master\NvCloth\src\dx\DxFabric.h">
      <Filter>src\dx</Filter>
    </ClInclude>
    <ClInclude Include="D:\GitHub\OpenGL\dependencies\NvCloth-master\NvCloth\src\dx\DxFactory.h">
      <Filter>src\dx</Filter>
    </ClInclude>
    <ClInclude Include="D:\GitHub\OpenGL\dependencies\NvCloth-master\NvCloth\src\dx\DxSolver.h">
      <Filter>src\dx</Filter>
    </ClInclude>
    <ClInclude Include="D:\GitHub\OpenGL\dependencies\NvCloth-master\NvCloth\src\dx\DxSolverKernelBlob.h">
      <Filter>src\dx</Filter>
    </ClInclude>
    <ClInclude Include="D:\GitHub\OpenGL\dependencies\NvCloth-master\NvCloth\include\NvCloth\Allocator.h">
      <Filter>include\NvCloth</Filter>
    </ClInclude>
    <ClInclude Include="D:\GitHub\OpenGL\dependencies\NvCloth-master\NvCloth\include\NvCloth\Callbacks.h">
      <Filter>include\NvCloth</Filter>
    </ClInclude>
    <ClInclude Include="D:\GitHub\OpenGL\dependencies\NvCloth-master\NvCloth\include\NvCloth\Cloth.h">
      <Filter>include\NvCloth</Filter>
    </ClInclude>
    <ClInclude Include="D:\GitHub\OpenGL\dependencies\NvCloth-master\NvCloth\include\NvCloth\DxContextManagerCallback.h">
      <Filter>include\NvCloth</Filter>
    </ClInclude>
    <ClInclude Include="D:\GitHub\OpenGL\dependencies\NvCloth-master\NvCloth\include\NvCloth\Fabric.h">
      <Filter>include\NvCloth</Filter>
    </ClInclude>
    <ClInclude Include="D:\GitHub\OpenGL\dependencies\NvCloth-master\NvCloth\include\NvCloth\Factory.h">
      <Filter>include\NvCloth</Filter>
    </ClInclude>
    <ClInclude Include="D:\GitHub\OpenGL\dependencies\NvCloth-master\NvCloth\include\NvCloth\PhaseConfig.h">
      <Filter>include\NvCloth</Filter>
    </ClInclude>
    <ClInclude Include="D:\GitHub\OpenGL\dependencies\NvCloth-master\NvCloth\include\NvCloth\Range.h">
      <Filter>include\NvCloth</Filter>
    </ClInclude>
    <ClInclude Include="D:\GitHub\OpenGL\dependencies\NvCloth-master\NvCloth\include\NvCloth\Solver.h">
      <Filter>include\NvCloth</Filter>
    </ClInclude>
    <ClInclude Include="D:\GitHub\OpenGL\dependencies\NvCloth-master\NvCloth\src\BoundingBox.h">
      <Filter>src</Filter>
    </ClInclude>
    <ClInclude Include="D:\GitHub\OpenGL\dependencies\NvCloth-master\NvCloth\src\ClothBase.h">
      <Filter>src</Filter>
    </ClInclude>
    <ClInclude Include="D:\GitHub\OpenGL\dependencies\NvCloth-master\NvCloth\src\ClothClone.h">
      <Filter>src</Filter>
    </ClInclude>
    <ClInclude Include="D:\GitHub\OpenGL\dependencies\NvCloth-master\NvCloth\src\ClothImpl.h">
      <Filter>src</Filter>
    </ClInclude>
    <ClInclude Include="D:\GitHub\OpenGL\dependencies\NvCloth-master\NvCloth\src\IndexPair.h">
      <Filter>src</Filter>
    </ClInclude>
    <ClInclude Include="D:\GitHub\OpenGL\dependencies\NvCloth-master\NvCloth\src\IterationState.h">
      <Filter>src</Filter>
    </ClInclude>
    <ClInclude Include="D:\GitHub\OpenGL\dependencies\NvCloth-master\NvCloth\src\MovingAverage.h">
      <Filter>src</Filter>
    </ClInclude>
    <ClInclude Include="D:\GitHub\OpenGL\dependencies\NvCloth-master\NvCloth\src\PointInterpolator.h">
      <Filter>src</Filter>
    </ClInclude>
    <ClInclude Include="D:\GitHub\OpenGL\dependencies\NvCloth-master\NvCloth\src\Simd.h">
      <Filter>src</Filter>
    </ClInclude>
    <ClInclude Include="D:\GitHub\OpenGL\dependencies\NvCloth-master\NvCloth\src\StackAllocator.h">
      <Filter>src</Filter>
    </ClInclude>
    <ClInclude Include="D:\GitHub\OpenGL\dependencies\NvCloth-master\NvCloth\src\SwCloth.h">
      <Filter>src</Filter>
    </ClInclude>
    <ClInclude Include="D:\GitHub\OpenGL\dependencies\NvCloth-master\NvCloth\src\SwClothData.h">
      <Filter>src</Filter>
    </ClInclude>
    <ClInclude Include="D:\GitHub\OpenGL\dependencies\NvCloth-master\NvCloth\src\SwCollision.h">
      <Filter>src</Filter>
    </ClInclude>
    <ClInclude Include="D:\GitHub\OpenGL\dependencies\NvCloth-master\NvCloth\src\SwCollisionHelpers.h">
      <Filter>src</Filter>
    </ClInclude>
    <ClInclude Include="D:\GitHub\OpenGL\dependencies\NvCloth-master\NvCloth\src\SwFabric.h">
      <Filter>src</Filter>
    </ClInclude>
    <ClInclude Include="D:\GitHub\OpenGL\dependencies\NvCloth-master\NvCloth\src\SwFactory.h">
      <Filter>src</Filter>
    </ClInclude>
    <ClInclude Include="D:\GitHub\OpenGL\dependencies\NvCloth-master\NvCloth\src\SwInterCollision.h">
      <Filter>src</Filter>
    </ClInclude>
    <ClInclude Include="D:\GitHub\OpenGL\dependencies\NvCloth-master\NvCloth\src\SwSelfCollision.h">
      <Filter>src</Filter>
    </ClInclude>
    <ClInclude Include="D:\GitHub\OpenGL\dependencies\NvCloth-master\NvCloth\src\SwSolver.h">
      <Filter>src</Filter>
    </ClInclude>
    <ClInclude Include="D:\GitHub\OpenGL\dependencies\NvCloth-master\NvCloth\src\SwSolverKernel.h">
      <Filter>src</Filter>
    </ClInclude>
    <ClInclude Include="D:\GitHub\OpenGL\dependencies\NvCloth-master\NvCloth\src\TripletScheduler.h">
      <Filter>src</Filter>
    </ClInclude>
    <ClInclude Include="D:\GitHub\OpenGL\dependencies\NvCloth-master\NvCloth\src\Vec4T.h">
      <Filter>src</Filter>
    </ClInclude>
    <ClInclude Include="D:\GitHub\OpenGL\dependencies\NvCloth-master\NvCloth\src\NvSimd\NvSimd4f.h">
      <Filter>src\NvSimd</Filter>
    </ClInclude>
    <ClInclude Include="D:\GitHub\OpenGL\dependencies\NvCloth-master\NvCloth\src\NvSimd\NvSimd4i.h">
      <Filter>src\NvSimd</Filter>
    </ClInclude>
    <ClInclude Include="D:\GitHub\OpenGL\dependencies\NvCloth-master\NvCloth\src\NvSimd\NvSimdTypes.h">
      <Filter>src\NvSimd</Filter>
    </ClInclude>
    <ClInclude Include="D:\GitHub\OpenGL\dependencies\NvCloth-master\NvCloth\src\NvSimd\neon\NvNeonSimd4f.h">
      <Filter>src\NvSimd\neon</Filter>
    </ClInclude>
    <ClInclude Include="D:\GitHub\OpenGL\dependencies\NvCloth-master\NvCloth\src\NvSimd\neon\NvNeonSimd4i.h">
      <Filter>src\NvSimd\neon</Filter>
    </ClInclude>
    <ClInclude Include="D:\GitHub\OpenGL\dependencies\NvCloth-master\NvCloth\src\NvSimd\neon\NvNeonSimdTypes.h">
      <Filter>src\NvSimd\neon</Filter>
    </ClInclude>
    <ClInclude Include="D:\GitHub\OpenGL\dependencies\NvCloth-master\NvCloth\src\NvSimd\scalar\NvScalarSimd4f.h">
      <Filter>src\NvSimd\scalar</Filter>
    </ClInclude>
    <ClInclude Include="D:\GitHub\OpenGL\dependencies\NvCloth-master\NvCloth\src\NvSimd\scalar\NvScalarSimd4i.h">
      <Filter>src\NvSimd\scalar</Filter>
    </ClInclude>
    <ClInclude Include="D:\GitHub\OpenGL\dependencies\NvCloth-master\NvCloth\src\NvSimd\scalar\NvScalarSimdTypes.h">
      <Filter>src\NvSimd\scalar</Filter>
    </ClInclude>
    <ClInclude Include="D:\GitHub\OpenGL\dependencies\NvCloth-master\NvCloth\src\NvSimd\sse2\NvSse2Simd4f.h">
      <Filter>src\NvSimd\sse2</Filter>
    </ClInclude>
    <ClInclude Include="D:\GitHub\OpenGL\dependencies\NvCloth-master\NvCloth\src\NvSimd\sse2\NvSse2Simd4i.h">
      <Filter>src\NvSimd\sse2</Filter>
    </ClInclude>
    <ClInclude Include="D:\GitHub\OpenGL\dependencies\NvCloth-master\NvCloth\src\NvSimd\sse2\NvSse2SimdTypes.h">
      <Filter>src\NvSimd\sse2</Filter>
    </ClInclude>
    <ClInclude Include="D:\GitHub\OpenGL\dependencies\NvCloth-master\NvCloth\src\scalar\SwCollisionHelpers.h">
      <Filter>src\scalar</Filter>
    </ClInclude>
    <ClInclude Include="D:\GitHub\OpenGL\dependencies\NvCloth-master\NvCloth\src\sse2\SwCollisionHelpers.h">
      <Filter>src\sse2</Filter>
    </ClInclude>
    <ClInclude Include="D:\GitHub\OpenGL\dependencies\NvCloth-master\NvCloth\src\sse2\SwSolveConstraints.h">
      <Filter>src\sse2</Filter>
    </ClInclude>
    <ClInclude Include="D:\GitHub\OpenGL\dependencies\NvCloth-master\NvCloth\extensions\include\NvClothExt\ClothFabricCooker.h">
      <Filter>extensions\include\NvClothExt</Filter>
    </ClInclude>
    <ClInclude Include="D:\GitHub\OpenGL\dependencies\NvCloth-master\NvCloth\extensions\include\NvClothExt\ClothMeshDesc.h">
      <Filter>extensions\include\NvClothExt</Filter>
    </ClInclude>
    <ClInclude Include="D:\GitHub\OpenGL\dependencies\NvCloth-master\NvCloth\extensions\include\NvClothExt\ClothMeshQuadifier.h">
      <Filter>extensions\include\NvClothExt</Filter>
    </ClInclude>
    <ClInclude Include="D:\GitHub\OpenGL\dependencies\NvCloth-master\NvCloth\extensions\include\NvClothExt\ClothTetherCooker.h">
      <Filter>extensions\include\NvClothExt</Filter>
    </ClInclude>
  </ItemGroup>
  <ItemGroup>
    <CustomBuild Include="D:\GitHub\OpenGL\dependencies\NvCloth-master\NvCloth\src\cuda\CuSolverKernel.cu">
      <Filter>src\cuda</Filter>
    </CustomBuild>
    <CustomBuild Include="D:\GitHub\OpenGL\dependencies\NvCloth-master\NvCloth\compiler\cmake\windows\CMakeLists.txt" />
    <CustomBuild Include="D:\GitHub\OpenGL\dependencies\NvCloth-master\NvCloth\samples\compiler\vc14win64-cmake\CMakeFiles\b7a122eedfefeb3c47b688d4e6c20641\CuSolverKernelBlob.h.rule">
      <Filter>CMake Rules</Filter>
    </CustomBuild>
  </ItemGroup>
  <ItemGroup>
    <FXCompile Include="D:\GitHub\OpenGL\dependencies\NvCloth-master\NvCloth\src\dx\DxSolverKernel.hlsl">
      <Filter>src\dx</Filter>
    </FXCompile>
  </ItemGroup>
  <ItemGroup>
    <None Include="D:\GitHub\OpenGL\dependencies\NvCloth-master\NvCloth\src\dx\DxSortKernel.inc">
      <Filter>src\dx</Filter>
    </None>
  </ItemGroup>
  <ItemGroup>
    <Filter Include="src\NvSimd\neon">
      <UniqueIdentifier>{BAD7482E-B7DE-3B7F-8A15-8425626BE98B}</UniqueIdentifier>
    </Filter>
    <Filter Include="src\NvSimd\scalar">
      <UniqueIdentifier>{123D212C-1520-3D01-A6EB-D4994F30E90B}</UniqueIdentifier>
    </Filter>
    <Filter Include="src\NvSimd\sse2">
      <UniqueIdentifier>{007AA9DB-D697-360D-9F1D-E9E440279847}</UniqueIdentifier>
    </Filter>
    <Filter Include="extensions\include">
      <UniqueIdentifier>{BFCFBCED-DFBF-3855-9DAB-D8CCD0C7D768}</UniqueIdentifier>
    </Filter>
    <Filter Include="extensions\src">
      <UniqueIdentifier>{056523D3-A5FA-3DE4-8EC8-701A2DA3139E}</UniqueIdentifier>
    </Filter>
    <Filter Include="extensions\include\NvClothExt">
      <UniqueIdentifier>{BFB1606B-62F4-3C20-A4BA-65229C9A0933}</UniqueIdentifier>
    </Filter>
    <Filter Include="include\NvCloth">
      <UniqueIdentifier>{32FC8F12-C015-33FB-9147-37C605155F96}</UniqueIdentifier>
    </Filter>
    <Filter Include="CMake Rules">
      <UniqueIdentifier>{FD13A841-500A-39B3-A0F4-31C006CD6DC5}</UniqueIdentifier>
    </Filter>
    <Filter Include="src">
      <UniqueIdentifier>{A4A87C54-F4D7-3AE3-8AAF-41B396682E1D}</UniqueIdentifier>
    </Filter>
    <Filter Include="include">
      <UniqueIdentifier>{2DC09C0D-D2E4-3BBA-82DF-EC5411923473}</UniqueIdentifier>
    </Filter>
    <Filter Include="extensions">
      <UniqueIdentifier>{F3A99202-67E7-30D4-9DB3-E2C666CF9FEE}</UniqueIdentifier>
    </Filter>
    <Filter Include="src\cuda">
      <UniqueIdentifier>{A186044F-8F15-3AF8-A7CD-44403DCE300C}</UniqueIdentifier>
    </Filter>
    <Filter Include="src\dx">
      <UniqueIdentifier>{7ADB0139-27CA-3201-B0DA-139189D7F0E8}</UniqueIdentifier>
    </Filter>
    <Filter Include="src\avx">
      <UniqueIdentifier>{0C30F83B-7504-3C26-BB27-65BAA85A44A5}</UniqueIdentifier>
    </Filter>
    <Filter Include="src\NvSimd">
      <UniqueIdentifier>{53B85496-F62C-3303-A9D7-6C72D6FB5AE7}</UniqueIdentifier>
    </Filter>
    <Filter Include="src\scalar">
      <UniqueIdentifier>{4C3FE452-347A-347D-95C7-3E26E280247F}</UniqueIdentifier>
    </Filter>
    <Filter Include="src\sse2">
      <UniqueIdentifier>{DB3FE4A7-365F-35A6-A4EB-A666C70B4762}</UniqueIdentifier>
    </Filter>
  </ItemGroup>
</Project>
