<?xml version="1.0" encoding="UTF-8"?>
<Project ToolsVersion="14.0" xmlns="http://schemas.microsoft.com/developer/msbuild/2003">
  <ItemGroup>
    <CustomBuild Include="D:\GitHub\OpenGL\dependencies\NvCloth-master\NvCloth\samples\compiler\vc14win32-cmake\CMakeFiles\88e98e93956b3a9b4bfdf99800259c97\generate.stamp.rule">
      <Filter>CMake Rules</Filter>
    </CustomBuild>
  </ItemGroup>
  <ItemGroup>
    <Filter Include="CMake Rules">
      <UniqueIdentifier>{2727940D-03AA-3E96-BC98-CB3D9B716420}</UniqueIdentifier>
    </Filter>
  </ItemGroup>
</Project>
