<?xml version="1.0" encoding="utf-8"?>
<Project ToolsVersion="4.0" xmlns="http://schemas.microsoft.com/developer/msbuild/2003">
  <ItemGroup>
    <Filter Include="Source Files">
      <UniqueIdentifier>{4FC737F1-C7A5-4376-A066-2A32D752A2FF}</UniqueIdentifier>
      <Extensions>cpp;c;cc;cxx;def;odl;idl;hpj;bat;asm;asmx</Extensions>
    </Filter>
    <Filter Include="Header Files">
      <UniqueIdentifier>{93995380-89BD-4b04-88EB-625FBE52EBFB}</UniqueIdentifier>
      <Extensions>h;hh;hpp;hxx;hm;inl;inc;ipp;xsd</Extensions>
    </Filter>
    <Filter Include="Resource Files">
      <UniqueIdentifier>{67DA6AB6-F800-4c08-8B7A-83BB121AAD01}</UniqueIdentifier>
      <Extensions>rc;ico;cur;bmp;dlg;rc2;rct;bin;rgs;gif;jpg;jpeg;jpe;resx;tiff;tif;png;wav;mfcribbon-ms</Extensions>
    </Filter>
    <Filter Include="Source Files\Math">
      <UniqueIdentifier>{7ea80672-9ffe-416f-aab7-355ae07e6abf}</UniqueIdentifier>
    </Filter>
    <Filter Include="Source Files\Math\Public">
      <UniqueIdentifier>{367f1c9b-5b31-40cb-8c1a-0588eddf725e}</UniqueIdentifier>
    </Filter>
    <Filter Include="Source Files\Math\Private">
      <UniqueIdentifier>{f42e53d7-553e-4588-87f1-6fa63c13c2e7}</UniqueIdentifier>
    </Filter>
  </ItemGroup>
  <ItemGroup>
    <ClCompile Include="src\HelloWorld.cpp">
      <Filter>Source Files</Filter>
    </ClCompile>
    <ClCompile Include="src\Math\Private\Matrix.cpp">
      <Filter>Source Files\Math\Private</Filter>
    </ClCompile>
    <ClCompile Include="src\Math\Private\Vector.cpp">
      <Filter>Source Files\Math\Private</Filter>
    </ClCompile>
    <ClCompile Include="src\VertexShader.cpp">
      <Filter>Source Files</Filter>
    </ClCompile>
    <ClCompile Include="src\FragmentShader.cpp">
      <Filter>Source Files</Filter>
    </ClCompile>
    <ClCompile Include="src\Shader.cpp">
      <Filter>Source Files</Filter>
    </ClCompile>
    <ClCompile Include="src\ShaderProgram.cpp">
      <Filter>Source Files</Filter>
    </ClCompile>
  </ItemGroup>
  <ItemGroup>
    <ClInclude Include="src\Math\Public\Matrix.h">
      <Filter>Source Files\Math\Public</Filter>
    </ClInclude>
    <ClInclude Include="src\Math\Public\Vector.h">
      <Filter>Source Files\Math\Public</Filter>
    </ClInclude>
    <ClInclude Include="src\VertexShader.h">
      <Filter>Source Files</Filter>
    </ClInclude>
    <ClInclude Include="src\FragmentShader.h">
      <Filter>Source Files</Filter>
    </ClInclude>
    <ClInclude Include="src\Shader.h">
      <Filter>Source Files</Filter>
    </ClInclude>
    <ClInclude Include="src\ShaderProgram.h">
      <Filter>Source Files</Filter>
    </ClInclude>
  </ItemGroup>
</Project>