<?xml version="1.0" encoding="UTF-8"?>
<Project ToolsVersion="14.0" xmlns="http://schemas.microsoft.com/developer/msbuild/2003">
  <ItemGroup>
    <ClCompile Include="D:\GitHub\OpenGL\dependencies\NvCloth-master\NvCloth\src\cuda\CuCloth.cpp">
      <Filter>src\cuda</Filter>
    </ClCompile>
    <ClCompile Include="D:\GitHub\OpenGL\dependencies\NvCloth-master\NvCloth\src\cuda\CuClothClone.cpp">
      <Filter>src\cuda</Filter>
    </ClCompile>
    <ClCompile Include="D:\GitHub\OpenGL\dependencies\NvCloth-master\NvCloth\src\cuda\CuClothData.cpp">
      <Filter>src\cuda</Filter>
    </ClCompile>
    <ClCompile Include="D:\GitHub\OpenGL\dependencies\NvCloth-master\NvCloth\src\cuda\CuContextLock.cpp">
      <Filter>src\cuda</Filter>
    </ClCompile>
    <ClCompile Include="D:\GitHub\OpenGL\dependencies\NvCloth-master\NvCloth\src\cuda\CuFabric.cpp">
      <Filter>src\cuda</Filter>
    </ClCompile>
    <ClCompile Include="D:\GitHub\OpenGL\dependencies\NvCloth-master\NvCloth\src\cuda\CuFactory.cpp">
      <Filter>src\cuda</Filter>
    </ClCompile>
    <ClCompile Include="D:\GitHub\OpenGL\dependencies\NvCloth-master\NvCloth\src\cuda\CuSolver.cpp">
      <Filter>src\cuda</Filter>
    </ClCompile>
    <ClCompile Include="D:\GitHub\OpenGL\dependencies\NvCloth-master\NvCloth\src\dx\DxCloth.cpp">
      <Filter>src\dx</Filter>
    </ClCompile>
    <ClCompile Include="D:\GitHub\OpenGL\dependencies\NvCloth-master\NvCloth\src\dx\DxClothClone.cpp">
      <Filter>src\dx</Filter>
    </ClCompile>
    <ClCompile Include="D:\GitHub\OpenGL\dependencies\NvCloth-master\NvCloth\src\dx\DxClothData.cpp">
      <Filter>src\dx</Filter>
    </ClCompile>
    <ClCompile Include="D:\GitHub\OpenGL\dependencies\NvCloth-master\NvCloth\src\dx\DxContextLock.cpp">
      <Filter>src\dx</Filter>
    </ClCompile>
    <ClCompile Include="D:\GitHub\OpenGL\dependencies\NvCloth-master\NvCloth\src\dx\DxFabric.cpp">
      <Filter>src\dx</Filter>
    </ClCompile>
    <ClCompile Include="D:\GitHub\OpenGL\dependencies\NvCloth-master\NvCloth\src\dx\DxFactory.cpp">
      <Filter>src\dx</Filter>
    </ClCompile>
    <ClCompile Include="D:\GitHub\OpenGL\dependencies\NvCloth-master\NvCloth\src\dx\DxSolver.cpp">
      <Filter>src\dx</Filter>
    </ClCompile>
    <ClCompile Include="D:\GitHub\OpenGL\dependencies\NvCloth-master\NvCloth\src\avx\SwSolveConstraints.cpp">
      <Filter>src\avx</Filter>
    </ClCompile>
    <ClCompile Include="D:\GitHub\OpenGL\dependencies\NvCloth-master\NvCloth\src\Allocator.cpp">
      <Filter>src</Filter>
    </ClCompile>
    <ClCompile Include="D:\GitHub\OpenGL\dependencies\NvCloth-master\NvCloth\src\Callbacks.cpp">
      <Filter>src</Filter>
    </ClCompile>
    <ClCompile Include="D:\GitHub\OpenGL\dependencies\NvCloth-master\NvCloth\src\Factory.cpp">
      <Filter>src</Filter>
    </ClCompile>
    <ClCompile Include="D:\GitHub\OpenGL\dependencies\NvCloth-master\NvCloth\src\PhaseConfig.cpp">
      <Filter>src</Filter>
    </ClCompile>
    <ClCompile Include="D:\GitHub\OpenGL\dependencies\NvCloth-master\NvCloth\src\SwCloth.cpp">
      <Filter>src</Filter>
    </ClCompile>
    <ClCompile Include="D:\GitHub\OpenGL\dependencies\NvCloth-master\NvCloth\src\SwClothData.cpp">
      <Filter>src</Filter>
    </ClCompile>
    <ClCompile Include="D:\GitHub\OpenGL\dependencies\NvCloth-master\NvCloth\src\SwCollision.cpp">
      <Filter>src</Filter>
    </ClCompile>
    <ClCompile Include="D:\GitHub\OpenGL\dependencies\NvCloth-master\NvCloth\src\SwFabric.cpp">
      <Filter>src</Filter>
    </ClCompile>
    <ClCompile Include="D:\GitHub\OpenGL\dependencies\NvCloth-master\NvCloth\src\SwFactory.cpp">
      <Filter>src</Filter>
    </ClCompile>
    <ClCompile Include="D:\GitHub\OpenGL\dependencies\NvCloth-master\NvCloth\src\SwInterCollision.cpp">
      <Filter>src</Filter>
    </ClCompile>
    <ClCompile Include="D:\GitHub\OpenGL\dependencies\NvCloth-master\NvCloth\src\SwSelfCollision.cpp">
      <Filter>src</Filter>
    </ClCompile>
    <ClCompile Include="D:\GitHub\OpenGL\dependencies\NvCloth-master\NvCloth\src\SwSolver.cpp">
      <Filter>src</Filter>
    </ClCompile>
    <ClCompile Include="D:\GitHub\OpenGL\dependencies\NvCloth-master\NvCloth\src\SwSolverKernel.cpp">
      <Filter>src</Filter>
    </ClCompile>
    <ClCompile Include="D:\GitHub\OpenGL\dependencies\NvCloth-master\NvCloth\src\TripletScheduler.cpp">
      <Filter>src</Filter>
    </ClCompile>
    <ClCompile Include="D:\GitHub\OpenGL\dependencies\NvCloth-master\NvCloth\extensions\src\ClothFabricCooker.cpp">
      <Filter>extensions\src</Filter>
    </ClCompile>
    <ClCompile Include="D:\GitHub\OpenGL\dependencies\NvCloth-master\NvCloth\extensions\src\ClothGeodesicTetherCooker.cpp">
      <Filter>extensions\src</Filter>
    </ClCompile>
    <ClCompile Include="D:\GitHub\OpenGL\dependencies\NvCloth-master\NvCloth\extensions\src\ClothMeshQuadifier.cpp">
      <Filter>extensions\src</Filter>
    </ClCompile>
    <ClCompile Include="D:\GitHub\OpenGL\dependencies\NvCloth-master\NvCloth\extensions\src\ClothSimpleTetherCooker.cpp">
      <Filter>extensions\src</Filter>
    </ClCompile>
  </ItemGroup>
  <ItemGroup>
    <ClInclude Include="D:\GitHub\OpenGL\dependencies\NvCloth-master\NvCloth\src\cuda\CuCheckSuccess.h">
      <Filter>src\cuda</Filter>
    </ClInclude>
    <ClInclude Include="D:\GitHub\OpenGL\dependencies\NvCloth-master\NvCloth\src\cuda\CuCloth.h">
      <Filter>src\cuda</Filter>
    </ClInclude>
    <ClInclude Include="D:\GitHub\OpenGL\dependencies\NvCloth-master\NvCloth\src\cuda\CuClothData.h">
      <Filter>src\cuda</Filter>
    </ClInclude>
    <ClInclude Include="D:\GitHub\OpenGL\dependencies\NvCloth-master\NvCloth\src\cuda\CuCollision.h">
      <Filter>src\cuda</Filter>
    </ClInclude>
    <ClInclude Include="D:\GitHub\OpenGL\dependencies\NvCloth-master\NvCloth\src\cuda\CuContextLock.h">
      <Filter>src\cuda</Filter>
    </ClInclude>
    <ClInclude Include="D:\GitHub\OpenGL\dependencies\NvCloth-master\NvCloth\src\cuda\CuDevicePointer.h">
      <Filter>src\cuda</Filter>
    </ClInclude>
    <ClInclude Include="D:\GitHub\OpenGL\dependencies\NvCloth-master\NvCloth\src\cuda\CuDeviceVector.h">
      <Filter>src\cuda</Filter>
    </ClInclude>
    <ClInclude Include="D:\GitHub\OpenGL\dependencies\NvCloth-master\NvCloth\src\cuda\CuFabric.h">
      <Filter>src\cuda</Filter>
    </ClInclude>
    <ClInclude Include="D:\GitHub\OpenGL\dependencies\NvCloth-master\NvCloth\src\cuda\CuFactory.h">
      <Filter>src\cuda</Filter>
    </ClInclude>
    <ClInclude Include="D:\GitHub\OpenGL\dependencies\NvCloth-master\NvCloth\src\cuda\CuPhaseConfig.h">
      <Filter>src\cuda</Filter>
    </ClInclude>
    <ClInclude Include="D:\GitHub\OpenGL\dependencies\NvCloth-master\NvCloth\src\cuda\CuPinnedAllocator.h">
      <Filter>src\cuda</Filter>
    </ClInclude>
    <ClInclude Include="D:\GitHub\OpenGL\dependencies\NvCloth-master\NvCloth\src\cuda\CuSelfCollision.h">
      <Filter>src\cuda</Filter>
    </ClInclude>
    <ClInclude Include="D:\GitHub\OpenGL\dependencies\NvCloth-master\NvCloth\src\cuda\CuSolver.h">
      <Filter>src\cuda</Filter>
    </ClInclude>
    <ClInclude Include="D:\GitHub\OpenGL\dependencies\NvCloth-master\NvCloth\src\cuda\CuSolverKernel.h">
      <Filter>src\cuda</Filter>
    </ClInclude>
    <ClInclude Include="D:\GitHub\OpenGL\dependencies\NvCloth-master\NvCloth\src\cuda\CuSolverKernelBlob.h">
      <Filter>src\cuda</Filter>
    </ClInclude>
    <ClInclude Include="D:\GitHub\OpenGL\dependencies\NvCloth-master\NvCloth\src\dx\DxBatchedVector.h">
      <Filter>src\dx</Filter>
    </ClInclude>
    <ClInclude Include="D:\GitHub\OpenGL\dependencies\NvCloth-master\NvCloth\src\dx\DxCheckSuccess.h">
      <Filter>src\dx</Filter>
    </ClInclude>
    <ClInclude Include="D:\GitHub\OpenGL\dependencies\NvCloth-master\NvCloth\src\dx\DxCloth.h">
      <Filter>src\dx</Filter>
    </ClInclude>
    <ClInclude Include="D:\GitHub\OpenGL\dependencies\NvCloth-master\NvCloth\src\dx\DxClothData.h">
      <Filter>src\dx</Filter>
    </ClInclude>
    <ClInclude Include="D:\GitHub\OpenGL\dependencies\NvCloth-master\NvCloth\src\dx\DxContextLock.h">
      <Filter>src\dx</Filter>
    </ClInclude>
    <ClInclude Include="D:\GitHub\OpenGL\dependencies\NvCloth-master\NvCloth\src\dx\DxDeviceVector.h">
      <Filter>src\dx</Filter>
    </ClInclude>
    <ClInclude Include="D:\GitHub\OpenGL\dependencies\NvCloth-master\NvCloth\src\dx\DxFabric.h">
      <Filter>src\dx</Filter>
    </ClInclude>
    <ClInclude Include="D:\GitHub\OpenGL\dependencies\NvCloth-master\NvCloth\src\dx\DxFactory.h">
      <Filter>src\dx</Filter>
    </ClInclude>
    <ClInclude Include="D:\GitHub\OpenGL\dependencies\NvCloth-master\NvCloth\src\dx\DxSolver.h">
      <Filter>src\dx</Filter>
    </ClInclude>
    <ClInclude Include="D:\GitHub\OpenGL\dependencies\NvCloth-master\NvCloth\src\dx\DxSolverKernelBlob.h">
      <Filter>src\dx</Filter>
    </ClInclude>
    <ClInclude Include="D:\GitHub\OpenGL\dependencies\NvCloth-master\NvCloth\include\NvCloth\Allocator.h">
      <Filter>include\NvCloth</Filter>
    </ClInclude>
    <ClInclude Include="D:\GitHub\OpenGL\dependencies\NvCloth-master\NvCloth\include\NvCloth\Callbacks.h">
      <Filter>include\NvCloth</Filter>
    </ClInclude>
    <ClInclude Include="D:\GitHub\OpenGL\dependencies\NvCloth-master\NvCloth\include\NvCloth\Cloth.h">
      <Filter>include\NvCloth</Filter>
    </ClInclude>
    <ClInclude Include="D:\GitHub\OpenGL\dependencies\NvCloth-master\NvCloth\include\NvCloth\DxContextManagerCallback.h">
      <Filter>include\NvCloth</Filter>
    </ClInclude>
    <ClInclude Include="D:\GitHub\OpenGL\dependencies\NvCloth-master\NvCloth\include\NvCloth\Fabric.h">
      <Filter>include\NvCloth</Filter>
    </ClInclude>
    <ClInclude Include="D:\GitHub\OpenGL\dependencies\NvCloth-master\NvCloth\include\NvCloth\Factory.h">
      <Filter>include\NvCloth</Filter>
    </ClInclude>
    <ClInclude Include="D:\GitHub\OpenGL\dependencies\NvCloth-master\NvCloth\include\NvCloth\PhaseConfig.h">
      <Filter>include\NvCloth</Filter>
    </ClInclude>
    <ClInclude Include="D:\GitHub\OpenGL\dependencies\NvCloth-master\NvCloth\include\NvCloth\Range.h">
      <Filter>include\NvCloth</Filter>
    </ClInclude>
    <ClInclude Include="D:\GitHub\OpenGL\dependencies\NvCloth-master\NvCloth\include\NvCloth\Solver.h">
      <Filter>include\NvCloth</Filter>
    </ClInclude>
    <ClInclude Include="D:\GitHub\OpenGL\dependencies\NvCloth-master\NvCloth\src\BoundingBox.h">
      <Filter>src</Filter>
    </ClInclude>
    <ClInclude Include="D:\GitHub\OpenGL\dependencies\NvCloth-master\NvCloth\src\ClothBase.h">
      <Filter>src</Filter>
    </ClInclude>
    <ClInclude Include="D:\GitHub\OpenGL\dependencies\NvCloth-master\NvCloth\src\ClothClone.h">
      <Filter>src</Filter>
    </ClInclude>
    <ClInclude Include="D:\GitHub\OpenGL\dependencies\NvCloth-master\NvCloth\src\ClothImpl.h">
      <Filter>src</Filter>
    </ClInclude>
    <ClInclude Include="D:\GitHub\OpenGL\dependencies\NvCloth-master\NvCloth\src\IndexPair.h">
      <Filter>src</Filter>
    </ClInclude>
    <ClInclude Include="D:\GitHub\OpenGL\dependencies\NvCloth-master\NvCloth\src\IterationState.h">
      <Filter>src</Filter>
    </ClInclude>
    <ClInclude Include="D:\GitHub\OpenGL\dependencies\NvCloth-master\NvCloth\src\MovingAverage.h">
      <Filter>src</Filter>
    </ClInclude>
    <ClInclude Include="D:\GitHub\OpenGL\dependencies\NvCloth-master\NvCloth\src\PointInterpolator.h">
      <Filter>src</Filter>
    </ClInclude>
    <ClInclude Include="D:\GitHub\OpenGL\dependencies\NvCloth-master\NvCloth\src\Simd.h">
      <Filter>src</Filter>
    </ClInclude>
    <ClInclude Include="D:\GitHub\OpenGL\dependencies\NvCloth-master\NvCloth\src\StackAllocator.h">
      <Filter>src</Filter>
    </ClInclude>
    <ClInclude Include="D:\GitHub\OpenGL\dependencies\NvCloth-master\NvCloth\src\SwCloth.h">
      <Filter>src</Filter>
    </ClInclude>
    <ClInclude Include="D:\GitHub\OpenGL\dependencies\NvCloth-master\NvCloth\src\SwClothData.h">
      <Filter>src</Filter>
    </ClInclude>
    <ClInclude Include="D:\GitHub\OpenGL\dependencies\NvCloth-master\NvCloth\src\SwCollision.h">
      <Filter>src</Filter>
    </ClInclude>
    <ClInclude Include="D:\GitHub\OpenGL\dependencies\NvCloth-master\NvCloth\src\SwCollisionHelpers.h">
      <Filter>src</Filter>
    </ClInclude>
    <ClInclude Include="D:\GitHub\OpenGL\dependencies\NvCloth-master\NvCloth\src\SwFabric.h">
      <Filter>src</Filter>
    </ClInclude>
    <ClInclude Include="D:\GitHub\OpenGL\dependencies\NvCloth-master\NvCloth\src\SwFactory.h">
      <Filter>src</Filter>
    </ClInclude>
    <ClInclude Include="D:\GitHub\OpenGL\dependencies\NvCloth-master\NvCloth\src\SwInterCollision.h">
      <Filter>src</Filter>
    </ClInclude>
    <ClInclude Include="D:\GitHub\OpenGL\dependencies\NvCloth-master\NvCloth\src\SwSelfCollision.h">
      <Filter>src</Filter>
    </ClInclude>
    <ClInclude Include="D:\GitHub\OpenGL\dependencies\NvCloth-master\NvCloth\src\SwSolver.h">
      <Filter>src</Filter>
    </ClInclude>
    <ClInclude Include="D:\GitHub\OpenGL\dependencies\NvCloth-master\NvCloth\src\SwSolverKernel.h">
      <Filter>src</Filter>
    </ClInclude>
    <ClInclude Include="D:\GitHub\OpenGL\dependencies\NvCloth-master\NvCloth\src\TripletScheduler.h">
      <Filter>src</Filter>
    </ClInclude>
    <ClInclude Include="D:\GitHub\OpenGL\dependencies\NvCloth-master\NvCloth\src\Vec4T.h">
      <Filter>src</Filter>
    </ClInclude>
    <ClInclude Include="D:\GitHub\OpenGL\dependencies\NvCloth-master\NvCloth\src\NvSimd\NvSimd4f.h">
      <Filter>src\NvSimd</Filter>
    </ClInclude>
    <ClInclude Include="D:\GitHub\OpenGL\dependencies\NvCloth-master\NvCloth\src\NvSimd\NvSimd4i.h">
      <Filter>src\NvSimd</Filter>
    </ClInclude>
    <ClInclude Include="D:\GitHub\OpenGL\dependencies\NvCloth-master\NvCloth\src\NvSimd\NvSimdTypes.h">
      <Filter>src\NvSimd</Filter>
    </ClInclude>
    <ClInclude Include="D:\GitHub\OpenGL\dependencies\NvCloth-master\NvCloth\src\NvSimd\neon\NvNeonSimd4f.h">
      <Filter>src\NvSimd\neon</Filter>
    </ClInclude>
    <ClInclude Include="D:\GitHub\OpenGL\dependencies\NvCloth-master\NvCloth\src\NvSimd\neon\NvNeonSimd4i.h">
      <Filter>src\NvSimd\neon</Filter>
    </ClInclude>
    <ClInclude Include="D:\GitHub\OpenGL\dependencies\NvCloth-master\NvCloth\src\NvSimd\neon\NvNeonSimdTypes.h">
      <Filter>src\NvSimd\neon</Filter>
    </ClInclude>
    <ClInclude Include="D:\GitHub\OpenGL\dependencies\NvCloth-master\NvCloth\src\NvSimd\scalar\NvScalarSimd4f.h">
      <Filter>src\NvSimd\scalar</Filter>
    </ClInclude>
    <ClInclude Include="D:\GitHub\OpenGL\dependencies\NvCloth-master\NvCloth\src\NvSimd\scalar\NvScalarSimd4i.h">
      <Filter>src\NvSimd\scalar</Filter>
    </ClInclude>
    <ClInclude Include="D:\GitHub\OpenGL\dependencies\NvCloth-master\NvCloth\src\NvSimd\scalar\NvScalarSimdTypes.h">
      <Filter>src\NvSimd\scalar</Filter>
    </ClInclude>
    <ClInclude Include="D:\GitHub\OpenGL\dependencies\NvCloth-master\NvCloth\src\NvSimd\sse2\NvSse2Simd4f.h">
      <Filter>src\NvSimd\sse2</Filter>
    </ClInclude>
    <ClInclude Include="D:\GitHub\OpenGL\dependencies\NvCloth-master\NvCloth\src\NvSimd\sse2\NvSse2Simd4i.h">
      <Filter>src\NvSimd\sse2</Filter>
    </ClInclude>
    <ClInclude Include="D:\GitHub\OpenGL\dependencies\NvCloth-master\NvCloth\src\NvSimd\sse2\NvSse2SimdTypes.h">
      <Filter>src\NvSimd\sse2</Filter>
    </ClInclude>
    <ClInclude Include="D:\GitHub\OpenGL\dependencies\NvCloth-master\NvCloth\src\scalar\SwCollisionHelpers.h">
      <Filter>src\scalar</Filter>
    </ClInclude>
    <ClInclude Include="D:\GitHub\OpenGL\dependencies\NvCloth-master\NvCloth\src\sse2\SwCollisionHelpers.h">
      <Filter>src\sse2</Filter>
    </ClInclude>
    <ClInclude Include="D:\GitHub\OpenGL\dependencies\NvCloth-master\NvCloth\src\sse2\SwSolveConstraints.h">
      <Filter>src\sse2</Filter>
    </ClInclude>
    <ClInclude Include="D:\GitHub\OpenGL\dependencies\NvCloth-master\NvCloth\extensions\include\NvClothExt\ClothFabricCooker.h">
      <Filter>extensions\include\NvClothExt</Filter>
    </ClInclude>
    <ClInclude Include="D:\GitHub\OpenGL\dependencies\NvCloth-master\NvCloth\extensions\include\NvClothExt\ClothMeshDesc.h">
      <Filter>extensions\include\NvClothExt</Filter>
    </ClInclude>
    <ClInclude Include="D:\GitHub\OpenGL\dependencies\NvCloth-master\NvCloth\extensions\include\NvClothExt\ClothMeshQuadifier.h">
      <Filter>extensions\include\NvClothExt</Filter>
    </ClInclude>
    <ClInclude Include="D:\GitHub\OpenGL\dependencies\NvCloth-master\NvCloth\extensions\include\NvClothExt\ClothTetherCooker.h">
      <Filter>extensions\include\NvClothExt</Filter>
    </ClInclude>
  </ItemGroup>
  <ItemGroup>
    <CustomBuild Include="D:\GitHub\OpenGL\dependencies\NvCloth-master\NvCloth\src\cuda\CuSolverKernel.cu">
      <Filter>src\cuda</Filter>
    </CustomBuild>
    <CustomBuild Include="D:\GitHub\OpenGL\dependencies\NvCloth-master\NvCloth\compiler\cmake\windows\CMakeLists.txt" />
    <CustomBuild Include="D:\GitHub\OpenGL\dependencies\NvCloth-master\NvCloth\compiler\vc14win64-cmake\CMakeFiles\b7a122eedfefeb3c47b688d4e6c20641\CuSolverKernelBlob.h.rule">
      <Filter>CMake Rules</Filter>
    </CustomBuild>
  </ItemGroup>
  <ItemGroup>
    <FXCompile Include="D:\GitHub\OpenGL\dependencies\NvCloth-master\NvCloth\src\dx\DxSolverKernel.hlsl">
      <Filter>src\dx</Filter>
    </FXCompile>
  </ItemGroup>
  <ItemGroup>
    <None Include="D:\GitHub\OpenGL\dependencies\NvCloth-master\NvCloth\src\dx\DxSortKernel.inc">
      <Filter>src\dx</Filter>
    </None>
  </ItemGroup>
  <ItemGroup>
    <Filter Include="include\NvCloth">
      <UniqueIdentifier>{493B0CE0-A0F1-3B89-A0BB-44BE260BE550}</UniqueIdentifier>
    </Filter>
    <Filter Include="extensions\include\NvClothExt">
      <UniqueIdentifier>{260F148E-B2E7-3BB8-BFCE-39AC238FC957}</UniqueIdentifier>
    </Filter>
    <Filter Include="src\cuda">
      <UniqueIdentifier>{FD96B078-98B2-32A1-82B3-D882279B19DF}</UniqueIdentifier>
    </Filter>
    <Filter Include="src\dx">
      <UniqueIdentifier>{5BF3E361-AD3F-3AAC-B722-C507E37701C9}</UniqueIdentifier>
    </Filter>
    <Filter Include="src\avx">
      <UniqueIdentifier>{7693D21E-5539-3F1A-9525-3C51661B8D99}</UniqueIdentifier>
    </Filter>
    <Filter Include="src\NvSimd">
      <UniqueIdentifier>{C8665D8A-DEA6-3729-A156-A4B3ABBA04AD}</UniqueIdentifier>
    </Filter>
    <Filter Include="src\scalar">
      <UniqueIdentifier>{7FA53CDC-5E24-3AB3-8B40-A7F064E7CB34}</UniqueIdentifier>
    </Filter>
    <Filter Include="src\sse2">
      <UniqueIdentifier>{44F38387-4A6F-328C-88ED-361E933C1443}</UniqueIdentifier>
    </Filter>
    <Filter Include="src\NvSimd\neon">
      <UniqueIdentifier>{1447D15D-1516-368A-86C5-291C8603E719}</UniqueIdentifier>
    </Filter>
    <Filter Include="src\NvSimd\scalar">
      <UniqueIdentifier>{C2DE3F72-F9C7-341E-808D-290E4367D8C7}</UniqueIdentifier>
    </Filter>
    <Filter Include="src\NvSimd\sse2">
      <UniqueIdentifier>{E1BB432A-15E7-341A-BEF8-5FE37065DA21}</UniqueIdentifier>
    </Filter>
    <Filter Include="CMake Rules">
      <UniqueIdentifier>{5D25648C-8027-3F42-BD71-354440404B6F}</UniqueIdentifier>
    </Filter>
    <Filter Include="src">
      <UniqueIdentifier>{37C62E02-E243-37AA-A0FB-AB17FBE8B5CF}</UniqueIdentifier>
    </Filter>
    <Filter Include="include">
      <UniqueIdentifier>{600353F6-DFF2-39CF-AD8D-9C4E55F48924}</UniqueIdentifier>
    </Filter>
    <Filter Include="extensions">
      <UniqueIdentifier>{D4DE5C68-7AA1-34A9-8CCF-931D77591F88}</UniqueIdentifier>
    </Filter>
    <Filter Include="extensions\include">
      <UniqueIdentifier>{C6868264-D817-3141-B596-A6C844B32413}</UniqueIdentifier>
    </Filter>
    <Filter Include="extensions\src">
      <UniqueIdentifier>{98550587-ED81-3C8B-930C-2BDD57B04A2E}</UniqueIdentifier>
    </Filter>
  </ItemGroup>
</Project>
